
Microsoft Visual Studio Solution File, Format Version 12.00
# Visual Studio 14
VisualStudioVersion = 14.0.25420.1
MinimumVisualStudioVersion = 10.0.40219.1
Project("{FAE04EC0-301F-11D3-BF4B-00C04F79EFBC}") = "A16-IzlozbaPasa", "A16-IzlozbaPasa\A16-IzlozbaPasa.csproj", "{088096D8-BF53-45E9-8CBE-DBA1AFB5C8B9}"
EndProject
Global
	GlobalSection(SolutionConfigurationPlatforms) = preSolution
		Debug|Any CPU = Debug|Any CPU
		Release|Any CPU = Release|Any CPU
	EndGlobalSection
	GlobalSection(ProjectConfigurationPlatforms) = postSolution
		{088096D8-BF53-45E9-8CBE-DBA1AFB5C8B9}.Debug|Any CPU.ActiveCfg = Debug|Any CPU
		{088096D8-BF53-45E9-8CBE-DBA1AFB5C8B9}.Debug|Any CPU.Build.0 = Debug|Any CPU
		{088096D8-BF53-45E9-8CBE-DBA1AFB5C8B9}.Release|Any CPU.ActiveCfg = Release|Any CPU
		{088096D8-BF53-45E9-8CBE-DBA1AFB5C8B9}.Release|Any CPU.Build.0 = Release|Any CPU
	EndGlobalSection
	GlobalSection(SolutionProperties) = preSolution
		HideSolutionNode = FALSE
	EndGlobalSection
EndGlobal
