
Microsoft Visual Studio Solution File, Format Version 12.00
# Visual Studio 14
VisualStudioVersion = 14.0.25420.1
MinimumVisualStudioVersion = 10.0.40219.1
Project("{FAE04EC0-301F-11D3-BF4B-00C04F79EFBC}") = "A06-Automobili", "A06-Automobili\A06-Automobili.csproj", "{339B8548-3E8D-43AD-80C7-2AA27575B2AE}"
EndProject
Global
	GlobalSection(SolutionConfigurationPlatforms) = preSolution
		Debug|Any CPU = Debug|Any CPU
		Release|Any CPU = Release|Any CPU
	EndGlobalSection
	GlobalSection(ProjectConfigurationPlatforms) = postSolution
		{339B8548-3E8D-43AD-80C7-2AA27575B2AE}.Debug|Any CPU.ActiveCfg = Debug|Any CPU
		{339B8548-3E8D-43AD-80C7-2AA27575B2AE}.Debug|Any CPU.Build.0 = Debug|Any CPU
		{339B8548-3E8D-43AD-80C7-2AA27575B2AE}.Release|Any CPU.ActiveCfg = Release|Any CPU
		{339B8548-3E8D-43AD-80C7-2AA27575B2AE}.Release|Any CPU.Build.0 = Release|Any CPU
	EndGlobalSection
	GlobalSection(SolutionProperties) = preSolution
		HideSolutionNode = FALSE
	EndGlobalSection
EndGlobal
